
Microsoft Visual Studio Solution File, Format Version 12.00
# Visual Studio Version 16
VisualStudioVersion = 16.0.29326.143
MinimumVisualStudioVersion = 10.0.40219.1
Project("{9A19103F-16F7-4668-BE54-9A1E7A4F7556}") = "InitQ", "InitQ.csproj", "{55F52B90-19DC-4BB8-927A-096446CB15DF}"
EndProject
Project("{9A19103F-16F7-4668-BE54-9A1E7A4F7556}") = "Test", "..\Test\Test.csproj", "{56F02C85-DA40-45EE-B322-30DDB44887EA}"
EndProject
Global
	GlobalSection(SolutionConfigurationPlatforms) = preSolution
		Debug|Any CPU = Debug|Any CPU
		Release|Any CPU = Release|Any CPU
	EndGlobalSection
	GlobalSection(ProjectConfigurationPlatforms) = postSolution
		{55F52B90-19DC-4BB8-927A-096446CB15DF}.Debug|Any CPU.ActiveCfg = Debug|Any CPU
		{55F52B90-19DC-4BB8-927A-096446CB15DF}.Debug|Any CPU.Build.0 = Debug|Any CPU
		{55F52B90-19DC-4BB8-927A-096446CB15DF}.Release|Any CPU.ActiveCfg = Release|Any CPU
		{55F52B90-19DC-4BB8-927A-096446CB15DF}.Release|Any CPU.Build.0 = Release|Any CPU
		{56F02C85-DA40-45EE-B322-30DDB44887EA}.Debug|Any CPU.ActiveCfg = Debug|Any CPU
		{56F02C85-DA40-45EE-B322-30DDB44887EA}.Debug|Any CPU.Build.0 = Debug|Any CPU
		{56F02C85-DA40-45EE-B322-30DDB44887EA}.Release|Any CPU.ActiveCfg = Release|Any CPU
		{56F02C85-DA40-45EE-B322-30DDB44887EA}.Release|Any CPU.Build.0 = Release|Any CPU
	EndGlobalSection
	GlobalSection(SolutionProperties) = preSolution
		HideSolutionNode = FALSE
	EndGlobalSection
	GlobalSection(ExtensibilityGlobals) = postSolution
		SolutionGuid = {E98EB2A1-EE36-4784-A7E2-9ABAE03448B5}
	EndGlobalSection
EndGlobal
